
Microsoft Visual Studio Solution File, Format Version 12.00
# Visual Studio Version 17
VisualStudioVersion = 17.5.33530.505
MinimumVisualStudioVersion = 10.0.40219.1
Project("{2150E333-8FDC-42A3-9474-1A3956D46DE8}") = "Services", "Services", "{242BE2AA-17ED-4E4A-9879-82AD15D47288}"
EndProject
Project("{2150E333-8FDC-42A3-9474-1A3956D46DE8}") = "Discount", "Discount", "{4F658E83-252D-4F8F-A558-E66D01321A89}"
EndProject
Project("{9A19103F-16F7-4668-BE54-9A1E7A4F7556}") = "Eshop.Discount", "Services\Discount\Eshop.Discount\Eshop.Discount.csproj", "{F18C00A5-0184-46DC-8490-867D1C4B39FA}"
EndProject
Project("{2150E333-8FDC-42A3-9474-1A3956D46DE8}") = "Order", "Order", "{A6B6B0EB-6CF6-426C-B9DE-87373CD96EE2}"
EndProject
Project("{2150E333-8FDC-42A3-9474-1A3956D46DE8}") = "Core", "Core", "{F755A8A9-CC15-4589-9D03-41633CFB0DD3}"
EndProject
Project("{2150E333-8FDC-42A3-9474-1A3956D46DE8}") = "Infrastructure", "Infrastructure", "{547A7313-081C-4843-95DE-BA49DD719F04}"
EndProject
Project("{2150E333-8FDC-42A3-9474-1A3956D46DE8}") = "Presentation", "Presentation", "{486AB05D-D896-4087-BF82-C0A74847ADD6}"
EndProject
Project("{FAE04EC0-301F-11D3-BF4B-00C04F79EFBC}") = "Eshop.Order.Domain", "Services\Order\Core\Eshop.Order.Domain\Eshop.Order.Domain.csproj", "{CCFB228E-DC21-4F23-B120-C380F2670263}"
EndProject
Project("{FAE04EC0-301F-11D3-BF4B-00C04F79EFBC}") = "Eshop.Order.Application", "Services\Order\Core\Eshop.Order.Application\Eshop.Order.Application.csproj", "{23E5C393-8563-4E6B-8D6B-192F07C6704F}"
EndProject
Project("{FAE04EC0-301F-11D3-BF4B-00C04F79EFBC}") = "Eshop.Order.Persistance", "Services\Order\Infrastructure\Eshop.Order.Persistance\Eshop.Order.Persistance.csproj", "{3C9D4F94-E407-48B5-8F12-75712DD4DFFB}"
EndProject
Project("{FAE04EC0-301F-11D3-BF4B-00C04F79EFBC}") = "Eshop.Order.WebAPI", "Services\Order\Presentation\Eshop.Order.WebAPI\Eshop.Order.WebAPI.csproj", "{298A2B1B-D0EE-42B5-95ED-96B4CA7F3408}"
EndProject
Project("{2150E333-8FDC-42A3-9474-1A3956D46DE8}") = "IdentityServer", "IdentityServer", "{036F2603-E531-44DE-A1D2-ECE3D0BA8C9B}"
EndProject
Project("{FAE04EC0-301F-11D3-BF4B-00C04F79EFBC}") = "EShopwithMicroservices.IdentityServer", "IdentityServer\EShopwithMicroservices.IdentityServer\EShopwithMicroservices.IdentityServer.csproj", "{8DD74750-C094-496D-B6F3-D8F25525958B}"
EndProject
Project("{2150E333-8FDC-42A3-9474-1A3956D46DE8}") = "Requirement", "Requirement", "{B43056FE-59DB-4603-97DC-35C6B8AE41F8}"
	ProjectSection(SolutionItems) = preProject
		PortainerCmd.txt = PortainerCmd.txt
		PortNumbers.txt = PortNumbers.txt
	EndProjectSection
EndProject
Project("{2150E333-8FDC-42A3-9474-1A3956D46DE8}") = "Cargo", "Cargo", "{02EA681E-C7D8-13C7-8484-4AC65E1B71E8}"
EndProject
Project("{FAE04EC0-301F-11D3-BF4B-00C04F79EFBC}") = "EShop.Cargo.EntityLayer", "Services\Cargo\EShop.Cargo.EntityLayer\EShop.Cargo.EntityLayer.csproj", "{F68F2DFA-7E5A-4B4E-B647-D83599978BD3}"
EndProject
Project("{FAE04EC0-301F-11D3-BF4B-00C04F79EFBC}") = "EShop.Cargo.BusinessLayer", "Services\Cargo\EShop.Cargo.BusinessLayer\EShop.Cargo.BusinessLayer.csproj", "{23C33E5F-A96B-4FF4-B8B2-4FB47839FC1F}"
EndProject
Project("{2150E333-8FDC-42A3-9474-1A3956D46DE8}") = "Category", "Category", "{1B27A380-3302-4FEC-8008-B1C18E174EF3}"
EndProject
Project("{FAE04EC0-301F-11D3-BF4B-00C04F79EFBC}") = "EShop.Category", "Services\Category\EShop.Category\EShop.Category.csproj", "{572D9782-F18E-4889-9B2C-0158DC46B668}"
EndProject
Project("{FAE04EC0-301F-11D3-BF4B-00C04F79EFBC}") = "Eshop.Cargo.DataAccessLayer", "Services\Cargo\Eshop.Cargo.DataAccessLayer\Eshop.Cargo.DataAccessLayer.csproj", "{18FDAEF0-331F-4DF8-9AE1-404246840B1F}"
EndProject
Project("{FAE04EC0-301F-11D3-BF4B-00C04F79EFBC}") = "EShop.Cargo.DtoLayer", "Services\Cargo\EShop.Cargo.DtoLayer\EShop.Cargo.DtoLayer.csproj", "{46E02F2F-55CB-4430-9AFD-D619E65E3A3F}"
EndProject
Project("{FAE04EC0-301F-11D3-BF4B-00C04F79EFBC}") = "EShop.Cargo.WebApi", "Services\Cargo\EShop.Cargo.WebApi\EShop.Cargo.WebApi.csproj", "{F0555AFB-DE17-419E-A3D0-F0A84EA54723}"
EndProject
Project("{2150E333-8FDC-42A3-9474-1A3956D46DE8}") = "Basket", "Basket", "{0A063CE4-C206-45D0-A85E-64DF6A0C4115}"
EndProject
Project("{FAE04EC0-301F-11D3-BF4B-00C04F79EFBC}") = "EShop.Basket", "Services\Basket\EShop.Basket\EShop.Basket.csproj", "{D55B718C-E774-4D41-919A-2F7A6DBEB418}"
EndProject
Project("{2150E333-8FDC-42A3-9474-1A3956D46DE8}") = "UI", "UI", "{7E3D8E15-6436-4190-841C-76F9DC0758FF}"
EndProject
Project("{FAE04EC0-301F-11D3-BF4B-00C04F79EFBC}") = "MultiShop.WebUI", "UI\MultiShop.WebUI\MultiShop.WebUI.csproj", "{CE96619A-8798-4D5D-B107-03915B0C438F}"
EndProject
Project("{FAE04EC0-301F-11D3-BF4B-00C04F79EFBC}") = "MultiShop.DtoLayer", "UI\MultiShop.DtoLayer\MultiShop.DtoLayer.csproj", "{4D8ECFBC-1437-465E-832B-1D30926BD6D7}"
EndProject
Project("{2150E333-8FDC-42A3-9474-1A3956D46DE8}") = "Solution Items", "Solution Items", "{D3F044AA-34D8-4F3A-ACDE-A4EB27211B62}"
	ProjectSection(SolutionItems) = preProject
		.editorconfig = .editorconfig
	EndProjectSection
EndProject
Project("{2150E333-8FDC-42A3-9474-1A3956D46DE8}") = "Comment", "Comment", "{83CBB413-903C-4FCB-9552-812920D78BCF}"
EndProject
Project("{FAE04EC0-301F-11D3-BF4B-00C04F79EFBC}") = "EShop.Comment", "Services\Comment\EShop.Comment\EShop.Comment.csproj", "{80152D16-3578-4C00-98F9-BB79E65C9FDA}"
EndProject
Project("{2150E333-8FDC-42A3-9474-1A3956D46DE8}") = "ApiGateway", "ApiGateway", "{6D41F87A-97E3-467A-95FA-065B9D17CE0A}"
EndProject
Project("{2150E333-8FDC-42A3-9474-1A3956D46DE8}") = "RapidApi", "RapidApi", "{D32E8FF5-D1C4-47AA-9EB4-2583AE0486BF}"
EndProject
Project("{FAE04EC0-301F-11D3-BF4B-00C04F79EFBC}") = "MultiShop.OcelotGateway", "ApiGateway\MultiShop.OcelotGateway\MultiShop.OcelotGateway.csproj", "{8AC28130-7B10-4097-ADAA-E060982CBCFC}"
EndProject
Project("{2150E333-8FDC-42A3-9474-1A3956D46DE8}") = "Payment", "Payment", "{A82EE1DC-D1F9-488A-ACDF-CE7F862DF66B}"
EndProject
Project("{FAE04EC0-301F-11D3-BF4B-00C04F79EFBC}") = "MultiShop.Payment", "Services\Payment\MultiShop.Payment\MultiShop.Payment.csproj", "{FE2E3142-649F-4A8B-A7C5-6EF91885ACB2}"
EndProject
Project("{2150E333-8FDC-42A3-9474-1A3956D46DE8}") = "Images", "Images", "{02856183-5CE5-40EA-93B6-957E85FD1C83}"
EndProject
Project("{FAE04EC0-301F-11D3-BF4B-00C04F79EFBC}") = "MultiShop.Images", "Services\Images\MultiShop.Images\MultiShop.Images.csproj", "{635C70A1-E4D1-4702-9C41-6781CEB7D3BB}"
EndProject
Global
	GlobalSection(SolutionConfigurationPlatforms) = preSolution
		Debug|Any CPU = Debug|Any CPU
		Release|Any CPU = Release|Any CPU
	EndGlobalSection
	GlobalSection(ProjectConfigurationPlatforms) = postSolution
		{F18C00A5-0184-46DC-8490-867D1C4B39FA}.Debug|Any CPU.ActiveCfg = Debug|Any CPU
		{F18C00A5-0184-46DC-8490-867D1C4B39FA}.Debug|Any CPU.Build.0 = Debug|Any CPU
		{F18C00A5-0184-46DC-8490-867D1C4B39FA}.Release|Any CPU.ActiveCfg = Release|Any CPU
		{F18C00A5-0184-46DC-8490-867D1C4B39FA}.Release|Any CPU.Build.0 = Release|Any CPU
		{CCFB228E-DC21-4F23-B120-C380F2670263}.Debug|Any CPU.ActiveCfg = Debug|Any CPU
		{CCFB228E-DC21-4F23-B120-C380F2670263}.Debug|Any CPU.Build.0 = Debug|Any CPU
		{CCFB228E-DC21-4F23-B120-C380F2670263}.Release|Any CPU.ActiveCfg = Release|Any CPU
		{CCFB228E-DC21-4F23-B120-C380F2670263}.Release|Any CPU.Build.0 = Release|Any CPU
		{23E5C393-8563-4E6B-8D6B-192F07C6704F}.Debug|Any CPU.ActiveCfg = Debug|Any CPU
		{23E5C393-8563-4E6B-8D6B-192F07C6704F}.Debug|Any CPU.Build.0 = Debug|Any CPU
		{23E5C393-8563-4E6B-8D6B-192F07C6704F}.Release|Any CPU.ActiveCfg = Release|Any CPU
		{23E5C393-8563-4E6B-8D6B-192F07C6704F}.Release|Any CPU.Build.0 = Release|Any CPU
		{3C9D4F94-E407-48B5-8F12-75712DD4DFFB}.Debug|Any CPU.ActiveCfg = Debug|Any CPU
		{3C9D4F94-E407-48B5-8F12-75712DD4DFFB}.Debug|Any CPU.Build.0 = Debug|Any CPU
		{3C9D4F94-E407-48B5-8F12-75712DD4DFFB}.Release|Any CPU.ActiveCfg = Release|Any CPU
		{3C9D4F94-E407-48B5-8F12-75712DD4DFFB}.Release|Any CPU.Build.0 = Release|Any CPU
		{298A2B1B-D0EE-42B5-95ED-96B4CA7F3408}.Debug|Any CPU.ActiveCfg = Debug|Any CPU
		{298A2B1B-D0EE-42B5-95ED-96B4CA7F3408}.Debug|Any CPU.Build.0 = Debug|Any CPU
		{298A2B1B-D0EE-42B5-95ED-96B4CA7F3408}.Release|Any CPU.ActiveCfg = Release|Any CPU
		{298A2B1B-D0EE-42B5-95ED-96B4CA7F3408}.Release|Any CPU.Build.0 = Release|Any CPU
		{8DD74750-C094-496D-B6F3-D8F25525958B}.Debug|Any CPU.ActiveCfg = Debug|Any CPU
		{8DD74750-C094-496D-B6F3-D8F25525958B}.Debug|Any CPU.Build.0 = Debug|Any CPU
		{8DD74750-C094-496D-B6F3-D8F25525958B}.Release|Any CPU.ActiveCfg = Release|Any CPU
		{8DD74750-C094-496D-B6F3-D8F25525958B}.Release|Any CPU.Build.0 = Release|Any CPU
		{F68F2DFA-7E5A-4B4E-B647-D83599978BD3}.Debug|Any CPU.ActiveCfg = Debug|Any CPU
		{F68F2DFA-7E5A-4B4E-B647-D83599978BD3}.Debug|Any CPU.Build.0 = Debug|Any CPU
		{F68F2DFA-7E5A-4B4E-B647-D83599978BD3}.Release|Any CPU.ActiveCfg = Release|Any CPU
		{F68F2DFA-7E5A-4B4E-B647-D83599978BD3}.Release|Any CPU.Build.0 = Release|Any CPU
		{23C33E5F-A96B-4FF4-B8B2-4FB47839FC1F}.Debug|Any CPU.ActiveCfg = Debug|Any CPU
		{23C33E5F-A96B-4FF4-B8B2-4FB47839FC1F}.Debug|Any CPU.Build.0 = Debug|Any CPU
		{23C33E5F-A96B-4FF4-B8B2-4FB47839FC1F}.Release|Any CPU.ActiveCfg = Release|Any CPU
		{23C33E5F-A96B-4FF4-B8B2-4FB47839FC1F}.Release|Any CPU.Build.0 = Release|Any CPU
		{572D9782-F18E-4889-9B2C-0158DC46B668}.Debug|Any CPU.ActiveCfg = Debug|Any CPU
		{572D9782-F18E-4889-9B2C-0158DC46B668}.Debug|Any CPU.Build.0 = Debug|Any CPU
		{572D9782-F18E-4889-9B2C-0158DC46B668}.Release|Any CPU.ActiveCfg = Release|Any CPU
		{572D9782-F18E-4889-9B2C-0158DC46B668}.Release|Any CPU.Build.0 = Release|Any CPU
		{18FDAEF0-331F-4DF8-9AE1-404246840B1F}.Debug|Any CPU.ActiveCfg = Debug|Any CPU
		{18FDAEF0-331F-4DF8-9AE1-404246840B1F}.Debug|Any CPU.Build.0 = Debug|Any CPU
		{18FDAEF0-331F-4DF8-9AE1-404246840B1F}.Release|Any CPU.ActiveCfg = Release|Any CPU
		{18FDAEF0-331F-4DF8-9AE1-404246840B1F}.Release|Any CPU.Build.0 = Release|Any CPU
		{46E02F2F-55CB-4430-9AFD-D619E65E3A3F}.Debug|Any CPU.ActiveCfg = Debug|Any CPU
		{46E02F2F-55CB-4430-9AFD-D619E65E3A3F}.Debug|Any CPU.Build.0 = Debug|Any CPU
		{46E02F2F-55CB-4430-9AFD-D619E65E3A3F}.Release|Any CPU.ActiveCfg = Release|Any CPU
		{46E02F2F-55CB-4430-9AFD-D619E65E3A3F}.Release|Any CPU.Build.0 = Release|Any CPU
		{F0555AFB-DE17-419E-A3D0-F0A84EA54723}.Debug|Any CPU.ActiveCfg = Debug|Any CPU
		{F0555AFB-DE17-419E-A3D0-F0A84EA54723}.Debug|Any CPU.Build.0 = Debug|Any CPU
		{F0555AFB-DE17-419E-A3D0-F0A84EA54723}.Release|Any CPU.ActiveCfg = Release|Any CPU
		{F0555AFB-DE17-419E-A3D0-F0A84EA54723}.Release|Any CPU.Build.0 = Release|Any CPU
		{D55B718C-E774-4D41-919A-2F7A6DBEB418}.Debug|Any CPU.ActiveCfg = Debug|Any CPU
		{D55B718C-E774-4D41-919A-2F7A6DBEB418}.Debug|Any CPU.Build.0 = Debug|Any CPU
		{D55B718C-E774-4D41-919A-2F7A6DBEB418}.Release|Any CPU.ActiveCfg = Release|Any CPU
		{D55B718C-E774-4D41-919A-2F7A6DBEB418}.Release|Any CPU.Build.0 = Release|Any CPU
		{CE96619A-8798-4D5D-B107-03915B0C438F}.Debug|Any CPU.ActiveCfg = Debug|Any CPU
		{CE96619A-8798-4D5D-B107-03915B0C438F}.Debug|Any CPU.Build.0 = Debug|Any CPU
		{CE96619A-8798-4D5D-B107-03915B0C438F}.Release|Any CPU.ActiveCfg = Release|Any CPU
		{CE96619A-8798-4D5D-B107-03915B0C438F}.Release|Any CPU.Build.0 = Release|Any CPU
		{4D8ECFBC-1437-465E-832B-1D30926BD6D7}.Debug|Any CPU.ActiveCfg = Debug|Any CPU
		{4D8ECFBC-1437-465E-832B-1D30926BD6D7}.Debug|Any CPU.Build.0 = Debug|Any CPU
		{4D8ECFBC-1437-465E-832B-1D30926BD6D7}.Release|Any CPU.ActiveCfg = Release|Any CPU
		{4D8ECFBC-1437-465E-832B-1D30926BD6D7}.Release|Any CPU.Build.0 = Release|Any CPU
		{80152D16-3578-4C00-98F9-BB79E65C9FDA}.Debug|Any CPU.ActiveCfg = Debug|Any CPU
		{80152D16-3578-4C00-98F9-BB79E65C9FDA}.Debug|Any CPU.Build.0 = Debug|Any CPU
		{80152D16-3578-4C00-98F9-BB79E65C9FDA}.Release|Any CPU.ActiveCfg = Release|Any CPU
		{80152D16-3578-4C00-98F9-BB79E65C9FDA}.Release|Any CPU.Build.0 = Release|Any CPU
		{8AC28130-7B10-4097-ADAA-E060982CBCFC}.Debug|Any CPU.ActiveCfg = Debug|Any CPU
		{8AC28130-7B10-4097-ADAA-E060982CBCFC}.Debug|Any CPU.Build.0 = Debug|Any CPU
		{8AC28130-7B10-4097-ADAA-E060982CBCFC}.Release|Any CPU.ActiveCfg = Release|Any CPU
		{8AC28130-7B10-4097-ADAA-E060982CBCFC}.Release|Any CPU.Build.0 = Release|Any CPU
		{FE2E3142-649F-4A8B-A7C5-6EF91885ACB2}.Debug|Any CPU.ActiveCfg = Debug|Any CPU
		{FE2E3142-649F-4A8B-A7C5-6EF91885ACB2}.Debug|Any CPU.Build.0 = Debug|Any CPU
		{FE2E3142-649F-4A8B-A7C5-6EF91885ACB2}.Release|Any CPU.ActiveCfg = Release|Any CPU
		{FE2E3142-649F-4A8B-A7C5-6EF91885ACB2}.Release|Any CPU.Build.0 = Release|Any CPU
		{635C70A1-E4D1-4702-9C41-6781CEB7D3BB}.Debug|Any CPU.ActiveCfg = Debug|Any CPU
		{635C70A1-E4D1-4702-9C41-6781CEB7D3BB}.Debug|Any CPU.Build.0 = Debug|Any CPU
		{635C70A1-E4D1-4702-9C41-6781CEB7D3BB}.Release|Any CPU.ActiveCfg = Release|Any CPU
		{635C70A1-E4D1-4702-9C41-6781CEB7D3BB}.Release|Any CPU.Build.0 = Release|Any CPU
	EndGlobalSection
	GlobalSection(SolutionProperties) = preSolution
		HideSolutionNode = FALSE
	EndGlobalSection
	GlobalSection(NestedProjects) = preSolution
		{4F658E83-252D-4F8F-A558-E66D01321A89} = {242BE2AA-17ED-4E4A-9879-82AD15D47288}
		{F18C00A5-0184-46DC-8490-867D1C4B39FA} = {4F658E83-252D-4F8F-A558-E66D01321A89}
		{A6B6B0EB-6CF6-426C-B9DE-87373CD96EE2} = {242BE2AA-17ED-4E4A-9879-82AD15D47288}
		{F755A8A9-CC15-4589-9D03-41633CFB0DD3} = {A6B6B0EB-6CF6-426C-B9DE-87373CD96EE2}
		{547A7313-081C-4843-95DE-BA49DD719F04} = {A6B6B0EB-6CF6-426C-B9DE-87373CD96EE2}
		{486AB05D-D896-4087-BF82-C0A74847ADD6} = {A6B6B0EB-6CF6-426C-B9DE-87373CD96EE2}
		{CCFB228E-DC21-4F23-B120-C380F2670263} = {F755A8A9-CC15-4589-9D03-41633CFB0DD3}
		{23E5C393-8563-4E6B-8D6B-192F07C6704F} = {F755A8A9-CC15-4589-9D03-41633CFB0DD3}
		{3C9D4F94-E407-48B5-8F12-75712DD4DFFB} = {547A7313-081C-4843-95DE-BA49DD719F04}
		{298A2B1B-D0EE-42B5-95ED-96B4CA7F3408} = {486AB05D-D896-4087-BF82-C0A74847ADD6}
		{8DD74750-C094-496D-B6F3-D8F25525958B} = {036F2603-E531-44DE-A1D2-ECE3D0BA8C9B}
		{02EA681E-C7D8-13C7-8484-4AC65E1B71E8} = {242BE2AA-17ED-4E4A-9879-82AD15D47288}
		{F68F2DFA-7E5A-4B4E-B647-D83599978BD3} = {02EA681E-C7D8-13C7-8484-4AC65E1B71E8}
		{23C33E5F-A96B-4FF4-B8B2-4FB47839FC1F} = {02EA681E-C7D8-13C7-8484-4AC65E1B71E8}
		{1B27A380-3302-4FEC-8008-B1C18E174EF3} = {242BE2AA-17ED-4E4A-9879-82AD15D47288}
		{572D9782-F18E-4889-9B2C-0158DC46B668} = {1B27A380-3302-4FEC-8008-B1C18E174EF3}
		{18FDAEF0-331F-4DF8-9AE1-404246840B1F} = {02EA681E-C7D8-13C7-8484-4AC65E1B71E8}
		{46E02F2F-55CB-4430-9AFD-D619E65E3A3F} = {02EA681E-C7D8-13C7-8484-4AC65E1B71E8}
		{F0555AFB-DE17-419E-A3D0-F0A84EA54723} = {02EA681E-C7D8-13C7-8484-4AC65E1B71E8}
		{0A063CE4-C206-45D0-A85E-64DF6A0C4115} = {242BE2AA-17ED-4E4A-9879-82AD15D47288}
		{D55B718C-E774-4D41-919A-2F7A6DBEB418} = {0A063CE4-C206-45D0-A85E-64DF6A0C4115}
		{CE96619A-8798-4D5D-B107-03915B0C438F} = {7E3D8E15-6436-4190-841C-76F9DC0758FF}
		{4D8ECFBC-1437-465E-832B-1D30926BD6D7} = {7E3D8E15-6436-4190-841C-76F9DC0758FF}
		{83CBB413-903C-4FCB-9552-812920D78BCF} = {242BE2AA-17ED-4E4A-9879-82AD15D47288}
		{80152D16-3578-4C00-98F9-BB79E65C9FDA} = {83CBB413-903C-4FCB-9552-812920D78BCF}
		{8AC28130-7B10-4097-ADAA-E060982CBCFC} = {6D41F87A-97E3-467A-95FA-065B9D17CE0A}
		{A82EE1DC-D1F9-488A-ACDF-CE7F862DF66B} = {242BE2AA-17ED-4E4A-9879-82AD15D47288}
		{FE2E3142-649F-4A8B-A7C5-6EF91885ACB2} = {A82EE1DC-D1F9-488A-ACDF-CE7F862DF66B}
		{02856183-5CE5-40EA-93B6-957E85FD1C83} = {242BE2AA-17ED-4E4A-9879-82AD15D47288}
		{635C70A1-E4D1-4702-9C41-6781CEB7D3BB} = {02856183-5CE5-40EA-93B6-957E85FD1C83}
	EndGlobalSection
	GlobalSection(ExtensibilityGlobals) = postSolution
		SolutionGuid = {FE735E3E-B9D4-478A-9CB6-0E213126AADB}
	EndGlobalSection
EndGlobal
