
Microsoft Visual Studio Solution File, Format Version 12.00
# Visual Studio Version 17
VisualStudioVersion = 17.5.33530.505
MinimumVisualStudioVersion = 10.0.40219.1
Project("{2150E333-8FDC-42A3-9474-1A3956D46DE8}") = "Services", "Services", "{242BE2AA-17ED-4E4A-9879-82AD15D47288}"
EndProject
Project("{2150E333-8FDC-42A3-9474-1A3956D46DE8}") = "Category", "Category", "{32673C45-ADE6-4F23-BC71-409BB272D487}"
EndProject
Project("{9A19103F-16F7-4668-BE54-9A1E7A4F7556}") = "Eshop.Category", "Eshop.Category\Eshop.Category.csproj", "{199B04F9-6660-491F-AE95-F0C8A6366F02}"
EndProject
Project("{2150E333-8FDC-42A3-9474-1A3956D46DE8}") = "Discount", "Discount", "{4F658E83-252D-4F8F-A558-E66D01321A89}"
EndProject
Project("{9A19103F-16F7-4668-BE54-9A1E7A4F7556}") = "Eshop.Discount", "Services\Discount\Eshop.Discount\Eshop.Discount.csproj", "{F18C00A5-0184-46DC-8490-867D1C4B39FA}"
EndProject
Project("{2150E333-8FDC-42A3-9474-1A3956D46DE8}") = "Order", "Order", "{A6B6B0EB-6CF6-426C-B9DE-87373CD96EE2}"
EndProject
Project("{2150E333-8FDC-42A3-9474-1A3956D46DE8}") = "Core", "Core", "{F755A8A9-CC15-4589-9D03-41633CFB0DD3}"
EndProject
Project("{2150E333-8FDC-42A3-9474-1A3956D46DE8}") = "Infrastructure", "Infrastructure", "{547A7313-081C-4843-95DE-BA49DD719F04}"
EndProject
Project("{2150E333-8FDC-42A3-9474-1A3956D46DE8}") = "Presentation", "Presentation", "{486AB05D-D896-4087-BF82-C0A74847ADD6}"
EndProject
Project("{FAE04EC0-301F-11D3-BF4B-00C04F79EFBC}") = "Eshop.Order.Domain", "Services\Order\Core\Eshop.Order.Domain\Eshop.Order.Domain.csproj", "{CCFB228E-DC21-4F23-B120-C380F2670263}"
EndProject
Project("{FAE04EC0-301F-11D3-BF4B-00C04F79EFBC}") = "Eshop.Order.Application", "Services\Order\Core\Eshop.Order.Application\Eshop.Order.Application.csproj", "{23E5C393-8563-4E6B-8D6B-192F07C6704F}"
EndProject
Project("{FAE04EC0-301F-11D3-BF4B-00C04F79EFBC}") = "Eshop.Order.Persistance", "Services\Order\Infrastructure\Eshop.Order.Persistance\Eshop.Order.Persistance.csproj", "{3C9D4F94-E407-48B5-8F12-75712DD4DFFB}"
EndProject
Project("{FAE04EC0-301F-11D3-BF4B-00C04F79EFBC}") = "Eshop.Order.WebAPI", "Services\Order\Presentation\Eshop.Order.WebAPI\Eshop.Order.WebAPI.csproj", "{298A2B1B-D0EE-42B5-95ED-96B4CA7F3408}"
EndProject
Global
	GlobalSection(SolutionConfigurationPlatforms) = preSolution
		Debug|Any CPU = Debug|Any CPU
		Release|Any CPU = Release|Any CPU
	EndGlobalSection
	GlobalSection(ProjectConfigurationPlatforms) = postSolution
		{199B04F9-6660-491F-AE95-F0C8A6366F02}.Debug|Any CPU.ActiveCfg = Debug|Any CPU
		{199B04F9-6660-491F-AE95-F0C8A6366F02}.Debug|Any CPU.Build.0 = Debug|Any CPU
		{199B04F9-6660-491F-AE95-F0C8A6366F02}.Release|Any CPU.ActiveCfg = Release|Any CPU
		{199B04F9-6660-491F-AE95-F0C8A6366F02}.Release|Any CPU.Build.0 = Release|Any CPU
		{F18C00A5-0184-46DC-8490-867D1C4B39FA}.Debug|Any CPU.ActiveCfg = Debug|Any CPU
		{F18C00A5-0184-46DC-8490-867D1C4B39FA}.Debug|Any CPU.Build.0 = Debug|Any CPU
		{F18C00A5-0184-46DC-8490-867D1C4B39FA}.Release|Any CPU.ActiveCfg = Release|Any CPU
		{F18C00A5-0184-46DC-8490-867D1C4B39FA}.Release|Any CPU.Build.0 = Release|Any CPU
		{CCFB228E-DC21-4F23-B120-C380F2670263}.Debug|Any CPU.ActiveCfg = Debug|Any CPU
		{CCFB228E-DC21-4F23-B120-C380F2670263}.Debug|Any CPU.Build.0 = Debug|Any CPU
		{CCFB228E-DC21-4F23-B120-C380F2670263}.Release|Any CPU.ActiveCfg = Release|Any CPU
		{CCFB228E-DC21-4F23-B120-C380F2670263}.Release|Any CPU.Build.0 = Release|Any CPU
		{23E5C393-8563-4E6B-8D6B-192F07C6704F}.Debug|Any CPU.ActiveCfg = Debug|Any CPU
		{23E5C393-8563-4E6B-8D6B-192F07C6704F}.Debug|Any CPU.Build.0 = Debug|Any CPU
		{23E5C393-8563-4E6B-8D6B-192F07C6704F}.Release|Any CPU.ActiveCfg = Release|Any CPU
		{23E5C393-8563-4E6B-8D6B-192F07C6704F}.Release|Any CPU.Build.0 = Release|Any CPU
		{3C9D4F94-E407-48B5-8F12-75712DD4DFFB}.Debug|Any CPU.ActiveCfg = Debug|Any CPU
		{3C9D4F94-E407-48B5-8F12-75712DD4DFFB}.Debug|Any CPU.Build.0 = Debug|Any CPU
		{3C9D4F94-E407-48B5-8F12-75712DD4DFFB}.Release|Any CPU.ActiveCfg = Release|Any CPU
		{3C9D4F94-E407-48B5-8F12-75712DD4DFFB}.Release|Any CPU.Build.0 = Release|Any CPU
		{298A2B1B-D0EE-42B5-95ED-96B4CA7F3408}.Debug|Any CPU.ActiveCfg = Debug|Any CPU
		{298A2B1B-D0EE-42B5-95ED-96B4CA7F3408}.Debug|Any CPU.Build.0 = Debug|Any CPU
		{298A2B1B-D0EE-42B5-95ED-96B4CA7F3408}.Release|Any CPU.ActiveCfg = Release|Any CPU
		{298A2B1B-D0EE-42B5-95ED-96B4CA7F3408}.Release|Any CPU.Build.0 = Release|Any CPU
	EndGlobalSection
	GlobalSection(SolutionProperties) = preSolution
		HideSolutionNode = FALSE
	EndGlobalSection
	GlobalSection(NestedProjects) = preSolution
		{32673C45-ADE6-4F23-BC71-409BB272D487} = {242BE2AA-17ED-4E4A-9879-82AD15D47288}
		{199B04F9-6660-491F-AE95-F0C8A6366F02} = {32673C45-ADE6-4F23-BC71-409BB272D487}
		{4F658E83-252D-4F8F-A558-E66D01321A89} = {242BE2AA-17ED-4E4A-9879-82AD15D47288}
		{F18C00A5-0184-46DC-8490-867D1C4B39FA} = {4F658E83-252D-4F8F-A558-E66D01321A89}
		{A6B6B0EB-6CF6-426C-B9DE-87373CD96EE2} = {242BE2AA-17ED-4E4A-9879-82AD15D47288}
		{F755A8A9-CC15-4589-9D03-41633CFB0DD3} = {A6B6B0EB-6CF6-426C-B9DE-87373CD96EE2}
		{547A7313-081C-4843-95DE-BA49DD719F04} = {A6B6B0EB-6CF6-426C-B9DE-87373CD96EE2}
		{486AB05D-D896-4087-BF82-C0A74847ADD6} = {A6B6B0EB-6CF6-426C-B9DE-87373CD96EE2}
		{CCFB228E-DC21-4F23-B120-C380F2670263} = {F755A8A9-CC15-4589-9D03-41633CFB0DD3}
		{23E5C393-8563-4E6B-8D6B-192F07C6704F} = {F755A8A9-CC15-4589-9D03-41633CFB0DD3}
		{3C9D4F94-E407-48B5-8F12-75712DD4DFFB} = {547A7313-081C-4843-95DE-BA49DD719F04}
		{298A2B1B-D0EE-42B5-95ED-96B4CA7F3408} = {486AB05D-D896-4087-BF82-C0A74847ADD6}
	EndGlobalSection
	GlobalSection(ExtensibilityGlobals) = postSolution
		SolutionGuid = {FE735E3E-B9D4-478A-9CB6-0E213126AADB}
	EndGlobalSection
EndGlobal
